{
    "_readme": [
        "This file locks the dependencies of your project to a known state",
        "Read more about it at https://getcomposer.org/doc/01-basic-usage.md#composer-lock-the-lock-file",
        "This file is @generated automatically"
    ],
    "hash": "94ad452b75d5471b35692797a5645c7f",
    "content-hash": "4bdd484ef43967a8e94ea697197127e3",
    "packages": [
        {
            "name": "jv2222/ezsql",
            "version": "dev-master",
            "source": {
                "type": "git",
                "url": "https://github.com/ezSQL/ezSQL.git",
                "reference": "473d21355e4ebee015a126be8b406cc9c46da864"
            },
            "dist": {
                "type": "zip",
                "url": "https://packagist.phpcomposer.com/files/ezSQL/ezSQL/473d21355e4ebee015a126be8b406cc9c46da864.zip",
                "reference": "473d21355e4ebee015a126be8b406cc9c46da864",
                "shasum": ""
            },
            "type": "library",
            "autoload": {
                "classmap": [
                    "cubrid/ez_sql_cubrid.php",
                    "pdo/ez_sql_pdo.php",
                    "postgresql/ez_sql_postgresql.php",
                    "mysql/ez_sql_mysql.php",
                    "mysqli/ez_sql_mysqli.php",
                    "sqlsrv/ez_sql_sqlsrv.php",
                    "oracle8_9/ez_sql_oracle8_9.php",
                    "sqlite/ez_sql_sqlite.php",
                    "shared/ez_sql_core.php",
                    "mssql/ez_sql_mssql.php",
                    "sybase/ez_sql_sybase.php",
                    "codeigniter/Ezsql_codeigniter.php"
                ]
            },
            "notification-url": "https://packagist.org/downloads/",
            "license": [
                "LGPL"
            ],
            "authors": [
                {
                    "name": "Justin Vincent",
                    "email": "webmaster@justinvincent.com"
                }
            ],
            "description": "PHP class to make interacting with a database ridiculusly easy.",
            "time": "2016-03-03 07:02:06"
        },
        {
            "name": "kriswallsmith/buzz",
            "version": "v0.10",
            "source": {
                "type": "git",
                "url": "https://github.com/kriswallsmith/Buzz.git",
                "reference": "759432d66387e3433d3b06cb6f773b97225b9b17"
            },
            "dist": {
                "type": "zip",
                "url": "https://api.github.com/repos/kriswallsmith/Buzz/zipball/759432d66387e3433d3b06cb6f773b97225b9b17",
                "reference": "759432d66387e3433d3b06cb6f773b97225b9b17",
                "shasum": ""
            },
            "require": {
                "php": ">=5.3.0"
            },
            "require-dev": {
                "phpunit/phpunit": "3.7.*"
            },
            "suggest": {
                "ext-curl": "*"
            },
            "type": "library",
            "autoload": {
                "psr-0": {
                    "Buzz": "lib/"
                }
            },
            "notification-url": "https://packagist.org/downloads/",
            "license": [
                "MIT"
            ],
            "authors": [
                {
                    "name": "Kris Wallsmith",
                    "email": "kris.wallsmith@gmail.com",
                    "homepage": "http://kriswallsmith.net/"
                }
            ],
            "description": "Lightweight HTTP client",
            "homepage": "https://github.com/kriswallsmith/Buzz",
            "keywords": [
                "curl",
                "http client"
            ],
            "time": "2013-05-19 03:41:15"
        },
        {
            "name": "michelf/php-markdown",
            "version": "1.5.0",
            "source": {
                "type": "git",
                "url": "https://github.com/michelf/php-markdown.git",
                "reference": "e1aabe18173231ebcefc90e615565742fc1c7fd9"
            },
            "dist": {
                "type": "zip",
                "url": "https://api.github.com/repos/michelf/php-markdown/zipball/e1aabe18173231ebcefc90e615565742fc1c7fd9",
                "reference": "e1aabe18173231ebcefc90e615565742fc1c7fd9",
                "shasum": ""
            },
            "require": {
                "php": ">=5.3.0"
            },
            "type": "library",
            "extra": {
                "branch-alias": {
                    "dev-lib": "1.4.x-dev"
                }
            },
            "autoload": {
                "psr-0": {
                    "Michelf": ""
                }
            },
            "notification-url": "https://packagist.org/downloads/",
            "license": [
                "BSD-3-Clause"
            ],
            "authors": [
                {
                    "name": "John Gruber",
                    "homepage": "http://daringfireball.net/"
                },
                {
                    "name": "Michel Fortin",
                    "email": "michel.fortin@michelf.ca",
                    "homepage": "https://michelf.ca/",
                    "role": "Developer"
                }
            ],
            "description": "PHP Markdown",
            "homepage": "https://michelf.ca/projects/php-markdown/",
            "keywords": [
                "markdown"
            ],
            "time": "2015-03-01 12:03:08"
        }
    ],
    "packages-dev": [],
    "aliases": [],
    "minimum-stability": "stable",
    "stability-flags": {
        "jv2222/ezsql": 20
    },
    "prefer-stable": false,
    "prefer-lowest": false,
    "platform": [],
    "platform-dev": []
}
